// !$*UTF8*$!
{
	archiveVersion = 1;
	classes = {
	};
	objectVersion = 51;
	objects = {

/* Begin PBXBuildFile section */
		5BD35C3D273F9B370059C9F3 /* AppDelegate.swift in Sources */ = {isa = PBXBuildFile; fileRef = 5BD35C3C273F9B370059C9F3 /* AppDelegate.swift */; };
		5BD35C3F273F9B370059C9F3 /* SceneDelegate.swift in Sources */ = {isa = PBXBuildFile; fileRef = 5BD35C3E273F9B370059C9F3 /* SceneDelegate.swift */; };
		5BD35C41273F9B370059C9F3 /* ViewController.swift in Sources */ = {isa = PBXBuildFile; fileRef = 5BD35C40273F9B370059C9F3 /* ViewController.swift */; };
		5BD35C44273F9B370059C9F3 /* Main.storyboard in Resources */ = {isa = PBXBuildFile; fileRef = 5BD35C42273F9B370059C9F3 /* Main.storyboard */; };
		5BD35C46273F9B3A0059C9F3 /* Assets.xcassets in Resources */ = {isa = PBXBuildFile; fileRef = 5BD35C45273F9B3A0059C9F3 /* Assets.xcassets */; };
		5BD35C49273F9B3A0059C9F3 /* LaunchScreen.storyboard in Resources */ = {isa = PBXBuildFile; fileRef = 5BD35C47273F9B3A0059C9F3 /* LaunchScreen.storyboard */; };
		5BD35C55273FA1F10059C9F3 /* CollectionViewCell.swift in Sources */ = {isa = PBXBuildFile; fileRef = 5BD35C54273FA1F10059C9F3 /* CollectionViewCell.swift */; };
		D38F4C3DEC0EAB2B871A48A7 /* Pods_carousel_Collectionview.framework in Frameworks */ = {isa = PBXBuildFile; fileRef = BCDB06A3C1A8A43758760192 /* Pods_carousel_Collectionview.framework */; };
/* End PBXBuildFile section */

/* Begin PBXFileReference section */
		5BD35C39273F9B370059C9F3 /* carousel_Collectionview.app */ = {isa = PBXFileReference; explicitFileType = wrapper.application; includeInIndex = 0; path = carousel_Collectionview.app; sourceTree = BUILT_PRODUCTS_DIR; };
		5BD35C3C273F9B370059C9F3 /* AppDelegate.swift */ = {isa = PBXFileReference; lastKnownFileType = sourcecode.swift; path = AppDelegate.swift; sourceTree = "<group>"; };
		5BD35C3E273F9B370059C9F3 /* SceneDelegate.swift */ = {isa = PBXFileReference; lastKnownFileType = sourcecode.swift; path = SceneDelegate.swift; sourceTree = "<group>"; };
		5BD35C40273F9B370059C9F3 /* ViewController.swift */ = {isa = PBXFileReference; lastKnownFileType = sourcecode.swift; path = ViewController.swift; sourceTree = "<group>"; };
		5BD35C43273F9B370059C9F3 /* Base */ = {isa = PBXFileReference; lastKnownFileType = file.storyboard; name = Base; path = Base.lproj/Main.storyboard; sourceTree = "<group>"; };
		5BD35C45273F9B3A0059C9F3 /* Assets.xcassets */ = {isa = PBXFileReference; lastKnownFileType = folder.assetcatalog; path = Assets.xcassets; sourceTree = "<group>"; };
		5BD35C48273F9B3A0059C9F3 /* Base */ = {isa = PBXFileReference; lastKnownFileType = file.storyboard; name = Base; path = Base.lproj/LaunchScreen.storyboard; sourceTree = "<group>"; };
		5BD35C4A273F9B3A0059C9F3 /* Info.plist */ = {isa = PBXFileReference; lastKnownFileType = text.plist.xml; path = Info.plist; sourceTree = "<group>"; };
		5BD35C54273FA1F10059C9F3 /* CollectionViewCell.swift */ = {isa = PBXFileReference; lastKnownFileType = sourcecode.swift; path = CollectionViewCell.swift; sourceTree = "<group>"; };
		60ED8DA2E13CBEA36655F237 /* Pods-carousel_Collectionview.debug.xcconfig */ = {isa = PBXFileReference; includeInIndex = 1; lastKnownFileType = text.xcconfig; name = "Pods-carousel_Collectionview.debug.xcconfig"; path = "Target Support Files/Pods-carousel_Collectionview/Pods-carousel_Collectionview.debug.xcconfig"; sourceTree = "<group>"; };
		BCDB06A3C1A8A43758760192 /* Pods_carousel_Collectionview.framework */ = {isa = PBXFileReference; explicitFileType = wrapper.framework; includeInIndex = 0; path = Pods_carousel_Collectionview.framework; sourceTree = BUILT_PRODUCTS_DIR; };
		E03550D27CFDBEE5321C635F /* Pods-carousel_Collectionview.release.xcconfig */ = {isa = PBXFileReference; includeInIndex = 1; lastKnownFileType = text.xcconfig; name = "Pods-carousel_Collectionview.release.xcconfig"; path = "Target Support Files/Pods-carousel_Collectionview/Pods-carousel_Collectionview.release.xcconfig"; sourceTree = "<group>"; };
/* End PBXFileReference section */

/* Begin PBXFrameworksBuildPhase section */
		5BD35C36273F9B370059C9F3 /* Frameworks */ = {
			isa = PBXFrameworksBuildPhase;
			buildActionMask = 2147483647;
			files = (
				D38F4C3DEC0EAB2B871A48A7 /* Pods_carousel_Collectionview.framework in Frameworks */,
			);
			runOnlyForDeploymentPostprocessing = 0;
		};
/* End PBXFrameworksBuildPhase section */

/* Begin PBXGroup section */
		3D0B7E6CC3CB2C9D31DB462E /* Frameworks */ = {
			isa = PBXGroup;
			children = (
				BCDB06A3C1A8A43758760192 /* Pods_carousel_Collectionview.framework */,
			);
			name = Frameworks;
			sourceTree = "<group>";
		};
		5BD35C30273F9B370059C9F3 = {
			isa = PBXGroup;
			children = (
				5BD35C3B273F9B370059C9F3 /* carousel_Collectionview */,
				5BD35C3A273F9B370059C9F3 /* Products */,
				9DD68FAA58C5F2EAA0D26C70 /* Pods */,
				3D0B7E6CC3CB2C9D31DB462E /* Frameworks */,
			);
			sourceTree = "<group>";
		};
		5BD35C3A273F9B370059C9F3 /* Products */ = {
			isa = PBXGroup;
			children = (
				5BD35C39273F9B370059C9F3 /* carousel_Collectionview.app */,
			);
			name = Products;
			sourceTree = "<group>";
		};
		5BD35C3B273F9B370059C9F3 /* carousel_Collectionview */ = {
			isa = PBXGroup;
			children = (
				5BD35C3C273F9B370059C9F3 /* AppDelegate.swift */,
				5BD35C3E273F9B370059C9F3 /* SceneDelegate.swift */,
				5BD35C40273F9B370059C9F3 /* ViewController.swift */,
				5BD35C54273FA1F10059C9F3 /* CollectionViewCell.swift */,
				5BD35C42273F9B370059C9F3 /* Main.storyboard */,
				5BD35C45273F9B3A0059C9F3 /* Assets.xcassets */,
				5BD35C47273F9B3A0059C9F3 /* LaunchScreen.storyboard */,
				5BD35C4A273F9B3A0059C9F3 /* Info.plist */,
			);
			path = carousel_Collectionview;
			sourceTree = "<group>";
		};
		9DD68FAA58C5F2EAA0D26C70 /* Pods */ = {
			isa = PBXGroup;
			children = (
				60ED8DA2E13CBEA36655F237 /* Pods-carousel_Collectionview.debug.xcconfig */,
				E03550D27CFDBEE5321C635F /* Pods-carousel_Collectionview.release.xcconfig */,
			);
			path = Pods;
			sourceTree = "<group>";
		};
/* End PBXGroup section */

/* Begin PBXNativeTarget section */
		5BD35C38273F9B370059C9F3 /* carousel_Collectionview */ = {
			isa = PBXNativeTarget;
			buildConfigurationList = 5BD35C4D273F9B3A0059C9F3 /* Build configuration list for PBXNativeTarget "carousel_Collectionview" */;
			buildPhases = (
				0A72F001E5EDC53A3D3B4BFB /* [CP] Check Pods Manifest.lock */,
				5BD35C35273F9B370059C9F3 /* Sources */,
				5BD35C36273F9B370059C9F3 /* Frameworks */,
				5BD35C37273F9B370059C9F3 /* Resources */,
				8FCC234D6F615734C6FF7960 /* [CP] Embed Pods Frameworks */,
			);
			buildRules = (
			);
			dependencies = (
			);
			name = carousel_Collectionview;
			productName = carousel_Collectionview;
			productReference = 5BD35C39273F9B370059C9F3 /* carousel_Collectionview.app */;
			productType = "com.apple.product-type.application";
		};
/* End PBXNativeTarget section */

/* Begin PBXProject section */
		5BD35C31273F9B370059C9F3 /* Project object */ = {
			isa = PBXProject;
			attributes = {
				LastSwiftUpdateCheck = 1230;
				LastUpgradeCheck = 1230;
				TargetAttributes = {
					5BD35C38273F9B370059C9F3 = {
						CreatedOnToolsVersion = 12.3;
					};
				};
			};
			buildConfigurationList = 5BD35C34273F9B370059C9F3 /* Build configuration list for PBXProject "carousel_Collectionview" */;
			compatibilityVersion = "Xcode 9.3";
			developmentRegion = en;
			hasScannedForEncodings = 0;
			knownRegions = (
				en,
				Base,
			);
			mainGroup = 5BD35C30273F9B370059C9F3;
			productRefGroup = 5BD35C3A273F9B370059C9F3 /* Products */;
			projectDirPath = "";
			projectRoot = "";
			targets = (
				5BD35C38273F9B370059C9F3 /* carousel_Collectionview */,
			);
		};
/* End PBXProject section */

/* Begin PBXResourcesBuildPhase section */
		5BD35C37273F9B370059C9F3 /* Resources */ = {
			isa = PBXResourcesBuildPhase;
			buildActionMask = 2147483647;
			files = (
				5BD35C49273F9B3A0059C9F3 /* LaunchScreen.storyboard in Resources */,
				5BD35C46273F9B3A0059C9F3 /* Assets.xcassets in Resources */,
				5BD35C44273F9B370059C9F3 /* Main.storyboard in Resources */,
			);
			runOnlyForDeploymentPostprocessing = 0;
		};
/* End PBXResourcesBuildPhase section */

/* Begin PBXShellScriptBuildPhase section */
		0A72F001E5EDC53A3D3B4BFB /* [CP] Check Pods Manifest.lock */ = {
			isa = PBXShellScriptBuildPhase;
			buildActionMask = 2147483647;
			files = (
			);
			inputFileListPaths = (
			);
			inputPaths = (
				"${PODS_PODFILE_DIR_PATH}/Podfile.lock",
				"${PODS_ROOT}/Manifest.lock",
			);
			name = "[CP] Check Pods Manifest.lock";
			outputFileListPaths = (
			);
			outputPaths = (
				"$(DERIVED_FILE_DIR)/Pods-carousel_Collectionview-checkManifestLockResult.txt",
			);
			runOnlyForDeploymentPostprocessing = 0;
			shellPath = /bin/sh;
			shellScript = "diff \"${PODS_PODFILE_DIR_PATH}/Podfile.lock\" \"${PODS_ROOT}/Manifest.lock\" > /dev/null\nif [ $? != 0 ] ; then\n    # print error to STDERR\n    echo \"error: The sandbox is not in sync with the Podfile.lock. Run 'pod install' or update your CocoaPods installation.\" >&2\n    exit 1\nfi\n# This output is used by Xcode 'outputs' to avoid re-running this script phase.\necho \"SUCCESS\" > \"${SCRIPT_OUTPUT_FILE_0}\"\n";
			showEnvVarsInLog = 0;
		};
		8FCC234D6F615734C6FF7960 /* [CP] Embed Pods Frameworks */ = {
			isa = PBXShellScriptBuildPhase;
			buildActionMask = 2147483647;
			files = (
			);
			inputFileListPaths = (
				"${PODS_ROOT}/Target Support Files/Pods-carousel_Collectionview/Pods-carousel_Collectionview-frameworks-${CONFIGURATION}-input-files.xcfilelist",
			);
			name = "[CP] Embed Pods Frameworks";
			outputFileListPaths = (
				"${PODS_ROOT}/Target Support Files/Pods-carousel_Collectionview/Pods-carousel_Collectionview-frameworks-${CONFIGURATION}-output-files.xcfilelist",
			);
			runOnlyForDeploymentPostprocessing = 0;
			shellPath = /bin/sh;
			shellScript = "\"${PODS_ROOT}/Target Support Files/Pods-carousel_Collectionview/Pods-carousel_Collectionview-frameworks.sh\"\n";
			showEnvVarsInLog = 0;
		};
/* End PBXShellScriptBuildPhase section */

/* Begin PBXSourcesBuildPhase section */
		5BD35C35273F9B370059C9F3 /* Sources */ = {
			isa = PBXSourcesBuildPhase;
			buildActionMask = 2147483647;
			files = (
				5BD35C41273F9B370059C9F3 /* ViewController.swift in Sources */,
				5BD35C3D273F9B370059C9F3 /* AppDelegate.swift in Sources */,
				5BD35C55273FA1F10059C9F3 /* CollectionViewCell.swift in Sources */,
				5BD35C3F273F9B370059C9F3 /* SceneDelegate.swift in Sources */,
			);
			runOnlyForDeploymentPostprocessing = 0;
		};
/* End PBXSourcesBuildPhase section */

/* Begin PBXVariantGroup section */
		5BD35C42273F9B370059C9F3 /* Main.storyboard */ = {
			isa = PBXVariantGroup;
			children = (
				5BD35C43273F9B370059C9F3 /* Base */,
			);
			name = Main.storyboard;
			sourceTree = "<group>";
		};
		5BD35C47273F9B3A0059C9F3 /* LaunchScreen.storyboard */ = {
			isa = PBXVariantGroup;
			children = (
				5BD35C48273F9B3A0059C9F3 /* Base */,
			);
			name = LaunchScreen.storyboard;
			sourceTree = "<group>";
		};
/* End PBXVariantGroup section */

/* Begin XCBuildConfiguration section */
		5BD35C4B273F9B3A0059C9F3 /* Debug */ = {
			isa = XCBuildConfiguration;
			buildSettings = {
				ALWAYS_SEARCH_USER_PATHS = NO;
				CLANG_ANALYZER_NONNULL = YES;
				CLANG_ANALYZER_NUMBER_OBJECT_CONVERSION = YES_AGGRESSIVE;
				CLANG_CXX_LANGUAGE_STANDARD = "gnu++14";
				CLANG_CXX_LIBRARY = "libc++";
				CLANG_ENABLE_MODULES = YES;
				CLANG_ENABLE_OBJC_ARC = YES;
				CLANG_ENABLE_OBJC_WEAK = YES;
				CLANG_WARN_BLOCK_CAPTURE_AUTORELEASING = YES;
				CLANG_WARN_BOOL_CONVERSION = YES;
				CLANG_WARN_COMMA = YES;
				CLANG_WARN_CONSTANT_CONVERSION = YES;
				CLANG_WARN_DEPRECATED_OBJC_IMPLEMENTATIONS = YES;
				CLANG_WARN_DIRECT_OBJC_ISA_USAGE = YES_ERROR;
				CLANG_WARN_DOCUMENTATION_COMMENTS = YES;
				CLANG_WARN_EMPTY_BODY = YES;
				CLANG_WARN_ENUM_CONVERSION = YES;
				CLANG_WARN_INFINITE_RECURSION = YES;
				CLANG_WARN_INT_CONVERSION = YES;
				CLANG_WARN_NON_LITERAL_NULL_CONVERSION = YES;
				CLANG_WARN_OBJC_IMPLICIT_RETAIN_SELF = YES;
				CLANG_WARN_OBJC_LITERAL_CONVERSION = YES;
				CLANG_WARN_OBJC_ROOT_CLASS = YES_ERROR;
				CLANG_WARN_QUOTED_INCLUDE_IN_FRAMEWORK_HEADER = YES;
				CLANG_WARN_RANGE_LOOP_ANALYSIS = YES;
				CLANG_WARN_STRICT_PROTOTYPES = YES;
				CLANG_WARN_SUSPICIOUS_MOVE = YES;
				CLANG_WARN_UNGUARDED_AVAILABILITY = YES_AGGRESSIVE;
				CLANG_WARN_UNREACHABLE_CODE = YES;
				CLANG_WARN__DUPLICATE_METHOD_MATCH = YES;
				COPY_PHASE_STRIP = NO;
				DEBUG_INFORMATION_FORMAT = dwarf;
				ENABLE_STRICT_OBJC_MSGSEND = YES;
				ENABLE_TESTABILITY = YES;
				GCC_C_LANGUAGE_STANDARD = gnu11;
				GCC_DYNAMIC_NO_PIC = NO;
				GCC_NO_COMMON_BLOCKS = YES;
				GCC_OPTIMIZATION_LEVEL = 0;
				GCC_PREPROCESSOR_DEFINITIONS = (
					"DEBUG=1",
					"$(inherited)",
				);
				GCC_WARN_64_TO_32_BIT_CONVERSION = YES;
				GCC_WARN_ABOUT_RETURN_TYPE = YES_ERROR;
				GCC_WARN_UNDECLARED_SELECTOR = YES;
				GCC_WARN_UNINITIALIZED_AUTOS = YES_AGGRESSIVE;
				GCC_WARN_UNUSED_FUNCTION = YES;
				GCC_WARN_UNUSED_VARIABLE = YES;
				IPHONEOS_DEPLOYMENT_TARGET = 14.3;
				MTL_ENABLE_DEBUG_INFO = INCLUDE_SOURCE;
				MTL_FAST_MATH = YES;
				ONLY_ACTIVE_ARCH = YES;
				SDKROOT = iphoneos;
				SWIFT_ACTIVE_COMPILATION_CONDITIONS = DEBUG;
				SWIFT_OPTIMIZATION_LEVEL = "-Onone";
			};
			name = Debug;
		};
		5BD35C4C273F9B3A0059C9F3 /* Release */ = {
			isa = XCBuildConfiguration;
			buildSettings = {
				ALWAYS_SEARCH_USER_PATHS = NO;
				CLANG_ANALYZER_NONNULL = YES;
				CLANG_ANALYZER_NUMBER_OBJECT_CONVERSION = YES_AGGRESSIVE;
				CLANG_CXX_LANGUAGE_STANDARD = "gnu++14";
				CLANG_CXX_LIBRARY = "libc++";
				CLANG_ENABLE_MODULES = YES;
				CLANG_ENABLE_OBJC_ARC = YES;
				CLANG_ENABLE_OBJC_WEAK = YES;
				CLANG_WARN_BLOCK_CAPTURE_AUTORELEASING = YES;
				CLANG_WARN_BOOL_CONVERSION = YES;
				CLANG_WARN_COMMA = YES;
				CLANG_WARN_CONSTANT_CONVERSION = YES;
				CLANG_WARN_DEPRECATED_OBJC_IMPLEMENTATIONS = YES;
				CLANG_WARN_DIRECT_OBJC_ISA_USAGE = YES_ERROR;
				CLANG_WARN_DOCUMENTATION_COMMENTS = YES;
				CLANG_WARN_EMPTY_BODY = YES;
				CLANG_WARN_ENUM_CONVERSION = YES;
				CLANG_WARN_INFINITE_RECURSION = YES;
				CLANG_WARN_INT_CONVERSION = YES;
				CLANG_WARN_NON_LITERAL_NULL_CONVERSION = YES;
				CLANG_WARN_OBJC_IMPLICIT_RETAIN_SELF = YES;
				CLANG_WARN_OBJC_LITERAL_CONVERSION = YES;
				CLANG_WARN_OBJC_ROOT_CLASS = YES_ERROR;
				CLANG_WARN_QUOTED_INCLUDE_IN_FRAMEWORK_HEADER = YES;
				CLANG_WARN_RANGE_LOOP_ANALYSIS = YES;
				CLANG_WARN_STRICT_PROTOTYPES = YES;
				CLANG_WARN_SUSPICIOUS_MOVE = YES;
				CLANG_WARN_UNGUARDED_AVAILABILITY = YES_AGGRESSIVE;
				CLANG_WARN_UNREACHABLE_CODE = YES;
				CLANG_WARN__DUPLICATE_METHOD_MATCH = YES;
				COPY_PHASE_STRIP = NO;
				DEBUG_INFORMATION_FORMAT = "dwarf-with-dsym";
				ENABLE_NS_ASSERTIONS = NO;
				ENABLE_STRICT_OBJC_MSGSEND = YES;
				GCC_C_LANGUAGE_STANDARD = gnu11;
				GCC_NO_COMMON_BLOCKS = YES;
				GCC_WARN_64_TO_32_BIT_CONVERSION = YES;
				GCC_WARN_ABOUT_RETURN_TYPE = YES_ERROR;
				GCC_WARN_UNDECLARED_SELECTOR = YES;
				GCC_WARN_UNINITIALIZED_AUTOS = YES_AGGRESSIVE;
				GCC_WARN_UNUSED_FUNCTION = YES;
				GCC_WARN_UNUSED_VARIABLE = YES;
				IPHONEOS_DEPLOYMENT_TARGET = 14.3;
				MTL_ENABLE_DEBUG_INFO = NO;
				MTL_FAST_MATH = YES;
				SDKROOT = iphoneos;
				SWIFT_COMPILATION_MODE = wholemodule;
				SWIFT_OPTIMIZATION_LEVEL = "-O";
				VALIDATE_PRODUCT = YES;
			};
			name = Release;
		};
		5BD35C4E273F9B3A0059C9F3 /* Debug */ = {
			isa = XCBuildConfiguration;
			baseConfigurationReference = 60ED8DA2E13CBEA36655F237 /* Pods-carousel_Collectionview.debug.xcconfig */;
			buildSettings = {
				ASSETCATALOG_COMPILER_APPICON_NAME = AppIcon;
				ASSETCATALOG_COMPILER_GLOBAL_ACCENT_COLOR_NAME = AccentColor;
				CODE_SIGN_STYLE = Automatic;
				DEVELOPMENT_TEAM = VDFGK9GV66;
				INFOPLIST_FILE = carousel_Collectionview/Info.plist;
				LD_RUNPATH_SEARCH_PATHS = (
					"$(inherited)",
					"@executable_path/Frameworks",
				);
				PRODUCT_BUNDLE_IDENTIFIER = "none.carousel-Collectionview";
				PRODUCT_NAME = "$(TARGET_NAME)";
				SWIFT_VERSION = 5.0;
				TARGETED_DEVICE_FAMILY = "1,2";
			};
			name = Debug;
		};
		5BD35C4F273F9B3A0059C9F3 /* Release */ = {
			isa = XCBuildConfiguration;
			baseConfigurationReference = E03550D27CFDBEE5321C635F /* Pods-carousel_Collectionview.release.xcconfig */;
			buildSettings = {
				ASSETCATALOG_COMPILER_APPICON_NAME = AppIcon;
				ASSETCATALOG_COMPILER_GLOBAL_ACCENT_COLOR_NAME = AccentColor;
				CODE_SIGN_STYLE = Automatic;
				DEVELOPMENT_TEAM = VDFGK9GV66;
				INFOPLIST_FILE = carousel_Collectionview/Info.plist;
				LD_RUNPATH_SEARCH_PATHS = (
					"$(inherited)",
					"@executable_path/Frameworks",
				);
				PRODUCT_BUNDLE_IDENTIFIER = "none.carousel-Collectionview";
				PRODUCT_NAME = "$(TARGET_NAME)";
				SWIFT_VERSION = 5.0;
				TARGETED_DEVICE_FAMILY = "1,2";
			};
			name = Release;
		};
/* End XCBuildConfiguration section */

/* Begin XCConfigurationList section */
		5BD35C34273F9B370059C9F3 /* Build configuration list for PBXProject "carousel_Collectionview" */ = {
			isa = XCConfigurationList;
			buildConfigurations = (
				5BD35C4B273F9B3A0059C9F3 /* Debug */,
				5BD35C4C273F9B3A0059C9F3 /* Release */,
			);
			defaultConfigurationIsVisible = 0;
			defaultConfigurationName = Release;
		};
		5BD35C4D273F9B3A0059C9F3 /* Build configuration list for PBXNativeTarget "carousel_Collectionview" */ = {
			isa = XCConfigurationList;
			buildConfigurations = (
				5BD35C4E273F9B3A0059C9F3 /* Debug */,
				5BD35C4F273F9B3A0059C9F3 /* Release */,
			);
			defaultConfigurationIsVisible = 0;
			defaultConfigurationName = Release;
		};
/* End XCConfigurationList section */
	};
	rootObject = 5BD35C31273F9B370059C9F3 /* Project object */;
}
